
Microsoft Visual Studio Solution File, Format Version 12.00
# Visual Studio Version 17
VisualStudioVersion = 17.7.34009.444
MinimumVisualStudioVersion = 10.0.40219.1
Project("{FAE04EC0-301F-11D3-BF4B-00C04F79EFBC}") = "NetNestConnect", "NetNestConnect\NetNestConnect.csproj", "{4250043C-80A1-4AD5-BDB8-643148F30E41}"
EndProject
Global
	GlobalSection(SolutionConfigurationPlatforms) = preSolution
		Debug|Any CPU = Debug|Any CPU
		Release|Any CPU = Release|Any CPU
	EndGlobalSection
	GlobalSection(ProjectConfigurationPlatforms) = postSolution
		{4250043C-80A1-4AD5-BDB8-643148F30E41}.Debug|Any CPU.ActiveCfg = Debug|Any CPU
		{4250043C-80A1-4AD5-BDB8-643148F30E41}.Debug|Any CPU.Build.0 = Debug|Any CPU
		{4250043C-80A1-4AD5-BDB8-643148F30E41}.Release|Any CPU.ActiveCfg = Release|Any CPU
		{4250043C-80A1-4AD5-BDB8-643148F30E41}.Release|Any CPU.Build.0 = Release|Any CPU
	EndGlobalSection
	GlobalSection(SolutionProperties) = preSolution
		HideSolutionNode = FALSE
	EndGlobalSection
	GlobalSection(ExtensibilityGlobals) = postSolution
		SolutionGuid = {05AA96C6-E556-42DB-B4E5-17AB39F83F38}
	EndGlobalSection
EndGlobal
